
Microsoft Visual Studio Solution File, Format Version 12.00
# Visual Studio 2013
VisualStudioVersion = 12.0.21005.1
MinimumVisualStudioVersion = 10.0.40219.1
Project("{FAE04EC0-301F-11D3-BF4B-00C04F79EFBC}") = "Win32", "Win32\Win32.csproj", "{E70560C7-E76A-43B1-9B00-5D6412329FFC}"
EndProject
Project("{FAE04EC0-301F-11D3-BF4B-00C04F79EFBC}") = "WinForms", "WinForms\WinForms.csproj", "{27557640-8BC8-44B8-BE83-54AE58817892}"
EndProject
Project("{FAE04EC0-301F-11D3-BF4B-00C04F79EFBC}") = "Wpf", "Wpf\Wpf.csproj", "{6C082DD1-A09E-4E7C-9A27-5CC2ECEC0C8F}"
EndProject
Global
	GlobalSection(SolutionConfigurationPlatforms) = preSolution
		Debug|Any CPU = Debug|Any CPU
		Release|Any CPU = Release|Any CPU
	EndGlobalSection
	GlobalSection(ProjectConfigurationPlatforms) = postSolution
		{E70560C7-E76A-43B1-9B00-5D6412329FFC}.Debug|Any CPU.ActiveCfg = Debug|Any CPU
		{E70560C7-E76A-43B1-9B00-5D6412329FFC}.Debug|Any CPU.Build.0 = Debug|Any CPU
		{E70560C7-E76A-43B1-9B00-5D6412329FFC}.Release|Any CPU.ActiveCfg = Release|Any CPU
		{E70560C7-E76A-43B1-9B00-5D6412329FFC}.Release|Any CPU.Build.0 = Release|Any CPU
		{27557640-8BC8-44B8-BE83-54AE58817892}.Debug|Any CPU.ActiveCfg = Debug|Any CPU
		{27557640-8BC8-44B8-BE83-54AE58817892}.Debug|Any CPU.Build.0 = Debug|Any CPU
		{27557640-8BC8-44B8-BE83-54AE58817892}.Release|Any CPU.ActiveCfg = Release|Any CPU
		{27557640-8BC8-44B8-BE83-54AE58817892}.Release|Any CPU.Build.0 = Release|Any CPU
		{6C082DD1-A09E-4E7C-9A27-5CC2ECEC0C8F}.Debug|Any CPU.ActiveCfg = Debug|Any CPU
		{6C082DD1-A09E-4E7C-9A27-5CC2ECEC0C8F}.Debug|Any CPU.Build.0 = Debug|Any CPU
		{6C082DD1-A09E-4E7C-9A27-5CC2ECEC0C8F}.Release|Any CPU.ActiveCfg = Release|Any CPU
		{6C082DD1-A09E-4E7C-9A27-5CC2ECEC0C8F}.Release|Any CPU.Build.0 = Release|Any CPU
	EndGlobalSection
	GlobalSection(SolutionProperties) = preSolution
		HideSolutionNode = FALSE
	EndGlobalSection
EndGlobal
