
Microsoft Visual Studio Solution File, Format Version 12.00
# Visual Studio 2013
VisualStudioVersion = 12.0.21005.1
MinimumVisualStudioVersion = 10.0.40219.1
Project("{FAE04EC0-301F-11D3-BF4B-00C04F79EFBC}") = "07_Classes", "07_Classes\07_Classes.csproj", "{E4B23380-3FE1-4237-BBCD-DFE967615C44}"
EndProject
Project("{FAE04EC0-301F-11D3-BF4B-00C04F79EFBC}") = "ClassLibrary1", "ClassLibrary1\ClassLibrary1.csproj", "{3862E2EB-65AE-4527-B404-65BEDA6BB97E}"
EndProject
Global
	GlobalSection(SolutionConfigurationPlatforms) = preSolution
		Debug|Any CPU = Debug|Any CPU
		Release|Any CPU = Release|Any CPU
	EndGlobalSection
	GlobalSection(ProjectConfigurationPlatforms) = postSolution
		{E4B23380-3FE1-4237-BBCD-DFE967615C44}.Debug|Any CPU.ActiveCfg = Debug|Any CPU
		{E4B23380-3FE1-4237-BBCD-DFE967615C44}.Debug|Any CPU.Build.0 = Debug|Any CPU
		{E4B23380-3FE1-4237-BBCD-DFE967615C44}.Release|Any CPU.ActiveCfg = Release|Any CPU
		{E4B23380-3FE1-4237-BBCD-DFE967615C44}.Release|Any CPU.Build.0 = Release|Any CPU
		{3862E2EB-65AE-4527-B404-65BEDA6BB97E}.Debug|Any CPU.ActiveCfg = Debug|Any CPU
		{3862E2EB-65AE-4527-B404-65BEDA6BB97E}.Debug|Any CPU.Build.0 = Debug|Any CPU
		{3862E2EB-65AE-4527-B404-65BEDA6BB97E}.Release|Any CPU.ActiveCfg = Release|Any CPU
		{3862E2EB-65AE-4527-B404-65BEDA6BB97E}.Release|Any CPU.Build.0 = Release|Any CPU
	EndGlobalSection
	GlobalSection(SolutionProperties) = preSolution
		HideSolutionNode = FALSE
	EndGlobalSection
EndGlobal
