
Microsoft Visual Studio Solution File, Format Version 12.00
# Visual Studio 2013
VisualStudioVersion = 12.0.21005.1
MinimumVisualStudioVersion = 10.0.40219.1
Project("{FAE04EC0-301F-11D3-BF4B-00C04F79EFBC}") = "Inspector.GUI", "Inspector.GUI\Inspector.GUI.csproj", "{C40A4526-B98C-4B49-9584-3133DD3284B7}"
EndProject
Project("{FAE04EC0-301F-11D3-BF4B-00C04F79EFBC}") = "Inspector.Domain", "Inspector.Domain\Inspector.Domain.csproj", "{8EFBB7CC-F188-4E1B-843E-93017ED2D272}"
EndProject
Project("{FAE04EC0-301F-11D3-BF4B-00C04F79EFBC}") = "Inspector.DAL", "Inspector.DAL\Inspector.DAL.csproj", "{A4793753-2B3D-492C-8C71-CF1A139B1A29}"
EndProject
Project("{FAE04EC0-301F-11D3-BF4B-00C04F79EFBC}") = "Inspector.BLL", "Inspector.BLL\Inspector.BLL.csproj", "{BAF322E1-1E4D-459E-A3E0-C940C39DD4AD}"
EndProject
Global
	GlobalSection(SolutionConfigurationPlatforms) = preSolution
		Debug|Any CPU = Debug|Any CPU
		Release|Any CPU = Release|Any CPU
	EndGlobalSection
	GlobalSection(ProjectConfigurationPlatforms) = postSolution
		{C40A4526-B98C-4B49-9584-3133DD3284B7}.Debug|Any CPU.ActiveCfg = Debug|Any CPU
		{C40A4526-B98C-4B49-9584-3133DD3284B7}.Debug|Any CPU.Build.0 = Debug|Any CPU
		{C40A4526-B98C-4B49-9584-3133DD3284B7}.Release|Any CPU.ActiveCfg = Release|Any CPU
		{C40A4526-B98C-4B49-9584-3133DD3284B7}.Release|Any CPU.Build.0 = Release|Any CPU
		{8EFBB7CC-F188-4E1B-843E-93017ED2D272}.Debug|Any CPU.ActiveCfg = Debug|Any CPU
		{8EFBB7CC-F188-4E1B-843E-93017ED2D272}.Debug|Any CPU.Build.0 = Debug|Any CPU
		{8EFBB7CC-F188-4E1B-843E-93017ED2D272}.Release|Any CPU.ActiveCfg = Release|Any CPU
		{8EFBB7CC-F188-4E1B-843E-93017ED2D272}.Release|Any CPU.Build.0 = Release|Any CPU
		{A4793753-2B3D-492C-8C71-CF1A139B1A29}.Debug|Any CPU.ActiveCfg = Debug|Any CPU
		{A4793753-2B3D-492C-8C71-CF1A139B1A29}.Debug|Any CPU.Build.0 = Debug|Any CPU
		{A4793753-2B3D-492C-8C71-CF1A139B1A29}.Release|Any CPU.ActiveCfg = Release|Any CPU
		{A4793753-2B3D-492C-8C71-CF1A139B1A29}.Release|Any CPU.Build.0 = Release|Any CPU
		{BAF322E1-1E4D-459E-A3E0-C940C39DD4AD}.Debug|Any CPU.ActiveCfg = Debug|Any CPU
		{BAF322E1-1E4D-459E-A3E0-C940C39DD4AD}.Debug|Any CPU.Build.0 = Debug|Any CPU
		{BAF322E1-1E4D-459E-A3E0-C940C39DD4AD}.Release|Any CPU.ActiveCfg = Release|Any CPU
		{BAF322E1-1E4D-459E-A3E0-C940C39DD4AD}.Release|Any CPU.Build.0 = Release|Any CPU
	EndGlobalSection
	GlobalSection(SolutionProperties) = preSolution
		HideSolutionNode = FALSE
	EndGlobalSection
EndGlobal
