
Microsoft Visual Studio Solution File, Format Version 12.00
# Visual Studio 2013
VisualStudioVersion = 12.0.21005.1
MinimumVisualStudioVersion = 10.0.40219.1
Project("{FAE04EC0-301F-11D3-BF4B-00C04F79EFBC}") = "14_Features", "14_Features\14_Features.csproj", "{E9215EC8-6267-44FC-980E-7F0548221A55}"
EndProject
Project("{FAE04EC0-301F-11D3-BF4B-00C04F79EFBC}") = "WindowsFormsApplication1", "WindowsFormsApplication1\WindowsFormsApplication1.csproj", "{54A57237-3BAC-4EBC-9D91-8D6238ACBA12}"
EndProject
Global
	GlobalSection(SolutionConfigurationPlatforms) = preSolution
		Debug|Any CPU = Debug|Any CPU
		Release|Any CPU = Release|Any CPU
	EndGlobalSection
	GlobalSection(ProjectConfigurationPlatforms) = postSolution
		{E9215EC8-6267-44FC-980E-7F0548221A55}.Debug|Any CPU.ActiveCfg = Debug|Any CPU
		{E9215EC8-6267-44FC-980E-7F0548221A55}.Debug|Any CPU.Build.0 = Debug|Any CPU
		{E9215EC8-6267-44FC-980E-7F0548221A55}.Release|Any CPU.ActiveCfg = Release|Any CPU
		{E9215EC8-6267-44FC-980E-7F0548221A55}.Release|Any CPU.Build.0 = Release|Any CPU
		{54A57237-3BAC-4EBC-9D91-8D6238ACBA12}.Debug|Any CPU.ActiveCfg = Debug|Any CPU
		{54A57237-3BAC-4EBC-9D91-8D6238ACBA12}.Debug|Any CPU.Build.0 = Debug|Any CPU
		{54A57237-3BAC-4EBC-9D91-8D6238ACBA12}.Release|Any CPU.ActiveCfg = Release|Any CPU
		{54A57237-3BAC-4EBC-9D91-8D6238ACBA12}.Release|Any CPU.Build.0 = Release|Any CPU
	EndGlobalSection
	GlobalSection(SolutionProperties) = preSolution
		HideSolutionNode = FALSE
	EndGlobalSection
EndGlobal
